// !$*UTF8*$!
{
	archiveVersion = 1;
	classes = {
	};
	objectVersion = 77;
	objects = {

/* Begin PBXBuildFile section */
		05B06B94E81147FBD6970035 /* NowPlaying.swift in Sources */ = {isa = PBXBuildFile; fileRef = 1B249889E11E401461C26D75 /* NowPlaying.swift */; };
		14500C2E42F39080634EA4D5 /* AlbumDetailView.swift in Sources */ = {isa = PBXBuildFile; fileRef = A4D4914D4CC72DFBCDE8275B /* AlbumDetailView.swift */; };
		18E01E88D2678E7C7001F44F /* LyricsView.swift in Sources */ = {isa = PBXBuildFile; fileRef = 8C1EE992DF3780E95DCFAC46 /* LyricsView.swift */; };
		268D8B2F2C88A3DB2112870A /* LoginView.swift in Sources */ = {isa = PBXBuildFile; fileRef = FEB6336EB46E454A3079DE6B /* LoginView.swift */; };
		2EC9A759E8B9B486F09908E3 /* SongMenu.swift in Sources */ = {isa = PBXBuildFile; fileRef = AE8A34BFA3F3600226CC518C /* SongMenu.swift */; };
		34DF472E6688008C5E86A33F /* MainTabView.swift in Sources */ = {isa = PBXBuildFile; fileRef = 5B3494DA7578AC8450113EC8 /* MainTabView.swift */; };
		402E5D26FA3F5644326D92B1 /* ArtworkImage.swift in Sources */ = {isa = PBXBuildFile; fileRef = A691BD922302A301ED876063 /* ArtworkImage.swift */; };
		4BE7F060EA2FBCFF8BE493D0 /* Theme.swift in Sources */ = {isa = PBXBuildFile; fileRef = FD4C0ED5F6DEB5AD17315601 /* Theme.swift */; };
		6097F62E75EA0C5F34763E9A /* QueueView.swift in Sources */ = {isa = PBXBuildFile; fileRef = CE2B6DC3F0368623E00F7B68 /* QueueView.swift */; };
		7CFD7ADA83F61236234A5818 /* SearchView.swift in Sources */ = {isa = PBXBuildFile; fileRef = 51D52ED5DA57A65425ED9950 /* SearchView.swift */; };
		7E8FD766DAE5DDDCE2A453CD /* GeetHubApp.swift in Sources */ = {isa = PBXBuildFile; fileRef = C58B8F66B18F08305D87D3F6 /* GeetHubApp.swift */; };
		84B5CEC6C553DE421C11C7E3 /* GeetHubKit in Frameworks */ = {isa = PBXBuildFile; productRef = B29BCD66DF2AD5E2AEFCC065 /* GeetHubKit */; };
		8D892C9C86E098AA7B4399AB /* Components.swift in Sources */ = {isa = PBXBuildFile; fileRef = 5B7C2F92E2ED7693861F1D49 /* Components.swift */; };
		9CB54A598FA5DBECC492E497 /* SeeAll.swift in Sources */ = {isa = PBXBuildFile; fileRef = F1B6A86E118C5BF9EE2AF687 /* SeeAll.swift */; };
		A59DC175BFE7228D3F000558 /* ArtistDetailView.swift in Sources */ = {isa = PBXBuildFile; fileRef = 4620B79B569DBDCA50578731 /* ArtistDetailView.swift */; };
		AACC53FAFB9DF94BE8EFC215 /* PlaylistPicker.swift in Sources */ = {isa = PBXBuildFile; fileRef = 9EF80B6D04AF782C326BDC16 /* PlaylistPicker.swift */; };
		C34AA179F3E85195F520A012 /* LibraryView.swift in Sources */ = {isa = PBXBuildFile; fileRef = FCFB1AAF3672E8264D703B02 /* LibraryView.swift */; };
		C46BAA616311DF4A9BB092FF /* Rows.swift in Sources */ = {isa = PBXBuildFile; fileRef = 27110212F9155543B4E96950 /* Rows.swift */; };
		D15C1A3CDFE3BDAF7B30ADA0 /* FavoritesView.swift in Sources */ = {isa = PBXBuildFile; fileRef = 2842D0D6C8DF078FF884F24C /* FavoritesView.swift */; };
		D7FEACD290BA5E0A8FBF2A06 /* Oswald.ttf in Resources */ = {isa = PBXBuildFile; fileRef = 0BDB3371554FAFFBD773DA1F /* Oswald.ttf */; };
		DEE24ABE43C420DBCE6BC3EA /* HomeView.swift in Sources */ = {isa = PBXBuildFile; fileRef = DAB7D9466A957819C3DA96B1 /* HomeView.swift */; };
		E8F3BE8DC5A7FA43D03776E5 /* RootView.swift in Sources */ = {isa = PBXBuildFile; fileRef = 392AC81AA29B333654DECC45 /* RootView.swift */; };
		F4C91E53637FD9214DBDDFE8 /* PlayerEngine.swift in Sources */ = {isa = PBXBuildFile; fileRef = B759ABEB2F83899AB6B2ABCE /* PlayerEngine.swift */; };
		F621327F120DAC3BB7AA0149 /* PlaylistDetailView.swift in Sources */ = {isa = PBXBuildFile; fileRef = B0C1E9FF23A025027627EDF0 /* PlaylistDetailView.swift */; };
/* End PBXBuildFile section */

/* Begin PBXFileReference section */
		0BDB3371554FAFFBD773DA1F /* Oswald.ttf */ = {isa = PBXFileReference; lastKnownFileType = file; path = Oswald.ttf; sourceTree = "<group>"; };
		1B249889E11E401461C26D75 /* NowPlaying.swift */ = {isa = PBXFileReference; lastKnownFileType = sourcecode.swift; path = NowPlaying.swift; sourceTree = "<group>"; };
		27110212F9155543B4E96950 /* Rows.swift */ = {isa = PBXFileReference; lastKnownFileType = sourcecode.swift; path = Rows.swift; sourceTree = "<group>"; };
		2842D0D6C8DF078FF884F24C /* FavoritesView.swift */ = {isa = PBXFileReference; lastKnownFileType = sourcecode.swift; path = FavoritesView.swift; sourceTree = "<group>"; };
		392AC81AA29B333654DECC45 /* RootView.swift */ = {isa = PBXFileReference; lastKnownFileType = sourcecode.swift; path = RootView.swift; sourceTree = "<group>"; };
		4620B79B569DBDCA50578731 /* ArtistDetailView.swift */ = {isa = PBXFileReference; lastKnownFileType = sourcecode.swift; path = ArtistDetailView.swift; sourceTree = "<group>"; };
		51D52ED5DA57A65425ED9950 /* SearchView.swift */ = {isa = PBXFileReference; lastKnownFileType = sourcecode.swift; path = SearchView.swift; sourceTree = "<group>"; };
		5B3494DA7578AC8450113EC8 /* MainTabView.swift */ = {isa = PBXFileReference; lastKnownFileType = sourcecode.swift; path = MainTabView.swift; sourceTree = "<group>"; };
		5B7C2F92E2ED7693861F1D49 /* Components.swift */ = {isa = PBXFileReference; lastKnownFileType = sourcecode.swift; path = Components.swift; sourceTree = "<group>"; };
		8C1EE992DF3780E95DCFAC46 /* LyricsView.swift */ = {isa = PBXFileReference; lastKnownFileType = sourcecode.swift; path = LyricsView.swift; sourceTree = "<group>"; };
		943255F06891643542D9B085 /* GeetHub.app */ = {isa = PBXFileReference; includeInIndex = 0; lastKnownFileType = wrapper.application; path = GeetHub.app; sourceTree = BUILT_PRODUCTS_DIR; };
		9A92BE3100C993D14DC2A80A /* Info.plist */ = {isa = PBXFileReference; lastKnownFileType = text.plist; path = Info.plist; sourceTree = "<group>"; };
		9EF80B6D04AF782C326BDC16 /* PlaylistPicker.swift */ = {isa = PBXFileReference; lastKnownFileType = sourcecode.swift; path = PlaylistPicker.swift; sourceTree = "<group>"; };
		A4D4914D4CC72DFBCDE8275B /* AlbumDetailView.swift */ = {isa = PBXFileReference; lastKnownFileType = sourcecode.swift; path = AlbumDetailView.swift; sourceTree = "<group>"; };
		A691BD922302A301ED876063 /* ArtworkImage.swift */ = {isa = PBXFileReference; lastKnownFileType = sourcecode.swift; path = ArtworkImage.swift; sourceTree = "<group>"; };
		AE8A34BFA3F3600226CC518C /* SongMenu.swift */ = {isa = PBXFileReference; lastKnownFileType = sourcecode.swift; path = SongMenu.swift; sourceTree = "<group>"; };
		B0C1E9FF23A025027627EDF0 /* PlaylistDetailView.swift */ = {isa = PBXFileReference; lastKnownFileType = sourcecode.swift; path = PlaylistDetailView.swift; sourceTree = "<group>"; };
		B759ABEB2F83899AB6B2ABCE /* PlayerEngine.swift */ = {isa = PBXFileReference; lastKnownFileType = sourcecode.swift; path = PlayerEngine.swift; sourceTree = "<group>"; };
		C58B8F66B18F08305D87D3F6 /* GeetHubApp.swift */ = {isa = PBXFileReference; lastKnownFileType = sourcecode.swift; path = GeetHubApp.swift; sourceTree = "<group>"; };
		CE2B6DC3F0368623E00F7B68 /* QueueView.swift */ = {isa = PBXFileReference; lastKnownFileType = sourcecode.swift; path = QueueView.swift; sourceTree = "<group>"; };
		DAB7D9466A957819C3DA96B1 /* HomeView.swift */ = {isa = PBXFileReference; lastKnownFileType = sourcecode.swift; path = HomeView.swift; sourceTree = "<group>"; };
		E1D6956BE3860F96F2216A15 /* GeetHubKit */ = {isa = PBXFileReference; lastKnownFileType = folder; name = GeetHubKit; path = GeetHubKit; sourceTree = SOURCE_ROOT; };
		F1B6A86E118C5BF9EE2AF687 /* SeeAll.swift */ = {isa = PBXFileReference; lastKnownFileType = sourcecode.swift; path = SeeAll.swift; sourceTree = "<group>"; };
		FCFB1AAF3672E8264D703B02 /* LibraryView.swift */ = {isa = PBXFileReference; lastKnownFileType = sourcecode.swift; path = LibraryView.swift; sourceTree = "<group>"; };
		FD4C0ED5F6DEB5AD17315601 /* Theme.swift */ = {isa = PBXFileReference; lastKnownFileType = sourcecode.swift; path = Theme.swift; sourceTree = "<group>"; };
		FEB6336EB46E454A3079DE6B /* LoginView.swift */ = {isa = PBXFileReference; lastKnownFileType = sourcecode.swift; path = LoginView.swift; sourceTree = "<group>"; };
/* End PBXFileReference section */

/* Begin PBXFrameworksBuildPhase section */
		28B273C466E1B2E942FAF2EA /* Frameworks */ = {
			isa = PBXFrameworksBuildPhase;
			buildActionMask = 2147483647;
			files = (
				84B5CEC6C553DE421C11C7E3 /* GeetHubKit in Frameworks */,
			);
			runOnlyForDeploymentPostprocessing = 0;
		};
/* End PBXFrameworksBuildPhase section */

/* Begin PBXGroup section */
		622DFAB1BC3AB717EAD3D84B /* Products */ = {
			isa = PBXGroup;
			children = (
				943255F06891643542D9B085 /* GeetHub.app */,
			);
			name = Products;
			sourceTree = "<group>";
		};
		635B0E2E414E7F348CA44A7A = {
			isa = PBXGroup;
			children = (
				6E7C98374E85917BBF0C2D8B /* App */,
				FED83EC870F88B2178D22154 /* Packages */,
				622DFAB1BC3AB717EAD3D84B /* Products */,
			);
			sourceTree = "<group>";
		};
		6E7C98374E85917BBF0C2D8B /* App */ = {
			isa = PBXGroup;
			children = (
				A4D4914D4CC72DFBCDE8275B /* AlbumDetailView.swift */,
				4620B79B569DBDCA50578731 /* ArtistDetailView.swift */,
				A691BD922302A301ED876063 /* ArtworkImage.swift */,
				5B7C2F92E2ED7693861F1D49 /* Components.swift */,
				2842D0D6C8DF078FF884F24C /* FavoritesView.swift */,
				C58B8F66B18F08305D87D3F6 /* GeetHubApp.swift */,
				DAB7D9466A957819C3DA96B1 /* HomeView.swift */,
				9A92BE3100C993D14DC2A80A /* Info.plist */,
				FCFB1AAF3672E8264D703B02 /* LibraryView.swift */,
				FEB6336EB46E454A3079DE6B /* LoginView.swift */,
				8C1EE992DF3780E95DCFAC46 /* LyricsView.swift */,
				5B3494DA7578AC8450113EC8 /* MainTabView.swift */,
				1B249889E11E401461C26D75 /* NowPlaying.swift */,
				B759ABEB2F83899AB6B2ABCE /* PlayerEngine.swift */,
				B0C1E9FF23A025027627EDF0 /* PlaylistDetailView.swift */,
				9EF80B6D04AF782C326BDC16 /* PlaylistPicker.swift */,
				CE2B6DC3F0368623E00F7B68 /* QueueView.swift */,
				392AC81AA29B333654DECC45 /* RootView.swift */,
				27110212F9155543B4E96950 /* Rows.swift */,
				51D52ED5DA57A65425ED9950 /* SearchView.swift */,
				F1B6A86E118C5BF9EE2AF687 /* SeeAll.swift */,
				AE8A34BFA3F3600226CC518C /* SongMenu.swift */,
				FD4C0ED5F6DEB5AD17315601 /* Theme.swift */,
				E9DAAFB0ED1FD70BF4D268D5 /* Fonts */,
			);
			path = App;
			sourceTree = "<group>";
		};
		E9DAAFB0ED1FD70BF4D268D5 /* Fonts */ = {
			isa = PBXGroup;
			children = (
				0BDB3371554FAFFBD773DA1F /* Oswald.ttf */,
			);
			path = Fonts;
			sourceTree = "<group>";
		};
		FED83EC870F88B2178D22154 /* Packages */ = {
			isa = PBXGroup;
			children = (
				E1D6956BE3860F96F2216A15 /* GeetHubKit */,
			);
			name = Packages;
			sourceTree = "<group>";
		};
/* End PBXGroup section */

/* Begin PBXNativeTarget section */
		873709028A0F95FF08E803F4 /* GeetHub */ = {
			isa = PBXNativeTarget;
			buildConfigurationList = FC0577A58459DBF34BB0150D /* Build configuration list for PBXNativeTarget "GeetHub" */;
			buildPhases = (
				87B13050C1B272D351CC520B /* Sources */,
				021D95836B93C9FCFAFDE96E /* Resources */,
				28B273C466E1B2E942FAF2EA /* Frameworks */,
			);
			buildRules = (
			);
			dependencies = (
			);
			name = GeetHub;
			packageProductDependencies = (
				B29BCD66DF2AD5E2AEFCC065 /* GeetHubKit */,
			);
			productName = GeetHub;
			productReference = 943255F06891643542D9B085 /* GeetHub.app */;
			productType = "com.apple.product-type.application";
		};
/* End PBXNativeTarget section */

/* Begin PBXProject section */
		983CD51318AC035C627CF43A /* Project object */ = {
			isa = PBXProject;
			attributes = {
				BuildIndependentTargetsInParallel = YES;
				LastUpgradeCheck = 1430;
				TargetAttributes = {
				};
			};
			buildConfigurationList = CD979889F0D2B5A1293B4286 /* Build configuration list for PBXProject "GeetHub" */;
			developmentRegion = en;
			hasScannedForEncodings = 0;
			knownRegions = (
				Base,
				en,
			);
			mainGroup = 635B0E2E414E7F348CA44A7A;
			minimizedProjectReferenceProxies = 1;
			packageReferences = (
				2A1C7A923A8A736992D43EC2 /* XCLocalSwiftPackageReference "GeetHubKit" */,
			);
			preferredProjectObjectVersion = 77;
			productRefGroup = 622DFAB1BC3AB717EAD3D84B /* Products */;
			projectDirPath = "";
			projectRoot = "";
			targets = (
				873709028A0F95FF08E803F4 /* GeetHub */,
			);
		};
/* End PBXProject section */

/* Begin PBXResourcesBuildPhase section */
		021D95836B93C9FCFAFDE96E /* Resources */ = {
			isa = PBXResourcesBuildPhase;
			buildActionMask = 2147483647;
			files = (
				D7FEACD290BA5E0A8FBF2A06 /* Oswald.ttf in Resources */,
			);
			runOnlyForDeploymentPostprocessing = 0;
		};
/* End PBXResourcesBuildPhase section */

/* Begin PBXSourcesBuildPhase section */
		87B13050C1B272D351CC520B /* Sources */ = {
			isa = PBXSourcesBuildPhase;
			buildActionMask = 2147483647;
			files = (
				14500C2E42F39080634EA4D5 /* AlbumDetailView.swift in Sources */,
				A59DC175BFE7228D3F000558 /* ArtistDetailView.swift in Sources */,
				402E5D26FA3F5644326D92B1 /* ArtworkImage.swift in Sources */,
				8D892C9C86E098AA7B4399AB /* Components.swift in Sources */,
				D15C1A3CDFE3BDAF7B30ADA0 /* FavoritesView.swift in Sources */,
				7E8FD766DAE5DDDCE2A453CD /* GeetHubApp.swift in Sources */,
				DEE24ABE43C420DBCE6BC3EA /* HomeView.swift in Sources */,
				C34AA179F3E85195F520A012 /* LibraryView.swift in Sources */,
				268D8B2F2C88A3DB2112870A /* LoginView.swift in Sources */,
				18E01E88D2678E7C7001F44F /* LyricsView.swift in Sources */,
				34DF472E6688008C5E86A33F /* MainTabView.swift in Sources */,
				05B06B94E81147FBD6970035 /* NowPlaying.swift in Sources */,
				F4C91E53637FD9214DBDDFE8 /* PlayerEngine.swift in Sources */,
				F621327F120DAC3BB7AA0149 /* PlaylistDetailView.swift in Sources */,
				AACC53FAFB9DF94BE8EFC215 /* PlaylistPicker.swift in Sources */,
				6097F62E75EA0C5F34763E9A /* QueueView.swift in Sources */,
				E8F3BE8DC5A7FA43D03776E5 /* RootView.swift in Sources */,
				C46BAA616311DF4A9BB092FF /* Rows.swift in Sources */,
				7CFD7ADA83F61236234A5818 /* SearchView.swift in Sources */,
				9CB54A598FA5DBECC492E497 /* SeeAll.swift in Sources */,
				2EC9A759E8B9B486F09908E3 /* SongMenu.swift in Sources */,
				4BE7F060EA2FBCFF8BE493D0 /* Theme.swift in Sources */,
			);
			runOnlyForDeploymentPostprocessing = 0;
		};
/* End PBXSourcesBuildPhase section */

/* Begin XCBuildConfiguration section */
		44F555880C6626D7FE69239F /* Release */ = {
			isa = XCBuildConfiguration;
			buildSettings = {
				ALWAYS_SEARCH_USER_PATHS = NO;
				CLANG_ANALYZER_NONNULL = YES;
				CLANG_ANALYZER_NUMBER_OBJECT_CONVERSION = YES_AGGRESSIVE;
				CLANG_CXX_LANGUAGE_STANDARD = "gnu++14";
				CLANG_CXX_LIBRARY = "libc++";
				CLANG_ENABLE_MODULES = YES;
				CLANG_ENABLE_OBJC_ARC = YES;
				CLANG_ENABLE_OBJC_WEAK = YES;
				CLANG_WARN_BLOCK_CAPTURE_AUTORELEASING = YES;
				CLANG_WARN_BOOL_CONVERSION = YES;
				CLANG_WARN_COMMA = YES;
				CLANG_WARN_CONSTANT_CONVERSION = YES;
				CLANG_WARN_DEPRECATED_OBJC_IMPLEMENTATIONS = YES;
				CLANG_WARN_DIRECT_OBJC_ISA_USAGE = YES_ERROR;
				CLANG_WARN_DOCUMENTATION_COMMENTS = YES;
				CLANG_WARN_EMPTY_BODY = YES;
				CLANG_WARN_ENUM_CONVERSION = YES;
				CLANG_WARN_INFINITE_RECURSION = YES;
				CLANG_WARN_INT_CONVERSION = YES;
				CLANG_WARN_NON_LITERAL_NULL_CONVERSION = YES;
				CLANG_WARN_OBJC_IMPLICIT_RETAIN_SELF = YES;
				CLANG_WARN_OBJC_LITERAL_CONVERSION = YES;
				CLANG_WARN_OBJC_ROOT_CLASS = YES_ERROR;
				CLANG_WARN_QUOTED_INCLUDE_IN_FRAMEWORK_HEADER = YES;
				CLANG_WARN_RANGE_LOOP_ANALYSIS = YES;
				CLANG_WARN_STRICT_PROTOTYPES = YES;
				CLANG_WARN_SUSPICIOUS_MOVE = YES;
				CLANG_WARN_UNGUARDED_AVAILABILITY = YES_AGGRESSIVE;
				CLANG_WARN_UNREACHABLE_CODE = YES;
				CLANG_WARN__DUPLICATE_METHOD_MATCH = YES;
				COPY_PHASE_STRIP = NO;
				DEBUG_INFORMATION_FORMAT = "dwarf-with-dsym";
				ENABLE_NS_ASSERTIONS = NO;
				ENABLE_STRICT_OBJC_MSGSEND = YES;
				GCC_C_LANGUAGE_STANDARD = gnu11;
				GCC_NO_COMMON_BLOCKS = YES;
				GCC_WARN_64_TO_32_BIT_CONVERSION = YES;
				GCC_WARN_ABOUT_RETURN_TYPE = YES_ERROR;
				GCC_WARN_UNDECLARED_SELECTOR = YES;
				GCC_WARN_UNINITIALIZED_AUTOS = YES_AGGRESSIVE;
				GCC_WARN_UNUSED_FUNCTION = YES;
				GCC_WARN_UNUSED_VARIABLE = YES;
				IPHONEOS_DEPLOYMENT_TARGET = 17.0;
				MTL_ENABLE_DEBUG_INFO = NO;
				MTL_FAST_MATH = YES;
				PRODUCT_NAME = "$(TARGET_NAME)";
				SDKROOT = iphoneos;
				SWIFT_COMPILATION_MODE = wholemodule;
				SWIFT_OPTIMIZATION_LEVEL = "-O";
				SWIFT_VERSION = 5.0;
			};
			name = Release;
		};
		7940708196A97B4495ADB520 /* Debug */ = {
			isa = XCBuildConfiguration;
			buildSettings = {
				ASSETCATALOG_COMPILER_APPICON_NAME = AppIcon;
				CODE_SIGNING_ALLOWED = NO;
				CODE_SIGN_IDENTITY = "iPhone Developer";
				CURRENT_PROJECT_VERSION = 1;
				INFOPLIST_FILE = App/Info.plist;
				LD_RUNPATH_SEARCH_PATHS = (
					"$(inherited)",
					"@executable_path/Frameworks",
				);
				MARKETING_VERSION = 0.1;
				PRODUCT_BUNDLE_IDENTIFIER = com.nixsocket.geethub;
				SDKROOT = iphoneos;
				SWIFT_VERSION = 6.0;
				TARGETED_DEVICE_FAMILY = "1,2";
			};
			name = Debug;
		};
		885E18141362732B44B6D762 /* Debug */ = {
			isa = XCBuildConfiguration;
			buildSettings = {
				ALWAYS_SEARCH_USER_PATHS = NO;
				CLANG_ANALYZER_NONNULL = YES;
				CLANG_ANALYZER_NUMBER_OBJECT_CONVERSION = YES_AGGRESSIVE;
				CLANG_CXX_LANGUAGE_STANDARD = "gnu++14";
				CLANG_CXX_LIBRARY = "libc++";
				CLANG_ENABLE_MODULES = YES;
				CLANG_ENABLE_OBJC_ARC = YES;
				CLANG_ENABLE_OBJC_WEAK = YES;
				CLANG_WARN_BLOCK_CAPTURE_AUTORELEASING = YES;
				CLANG_WARN_BOOL_CONVERSION = YES;
				CLANG_WARN_COMMA = YES;
				CLANG_WARN_CONSTANT_CONVERSION = YES;
				CLANG_WARN_DEPRECATED_OBJC_IMPLEMENTATIONS = YES;
				CLANG_WARN_DIRECT_OBJC_ISA_USAGE = YES_ERROR;
				CLANG_WARN_DOCUMENTATION_COMMENTS = YES;
				CLANG_WARN_EMPTY_BODY = YES;
				CLANG_WARN_ENUM_CONVERSION = YES;
				CLANG_WARN_INFINITE_RECURSION = YES;
				CLANG_WARN_INT_CONVERSION = YES;
				CLANG_WARN_NON_LITERAL_NULL_CONVERSION = YES;
				CLANG_WARN_OBJC_IMPLICIT_RETAIN_SELF = YES;
				CLANG_WARN_OBJC_LITERAL_CONVERSION = YES;
				CLANG_WARN_OBJC_ROOT_CLASS = YES_ERROR;
				CLANG_WARN_QUOTED_INCLUDE_IN_FRAMEWORK_HEADER = YES;
				CLANG_WARN_RANGE_LOOP_ANALYSIS = YES;
				CLANG_WARN_STRICT_PROTOTYPES = YES;
				CLANG_WARN_SUSPICIOUS_MOVE = YES;
				CLANG_WARN_UNGUARDED_AVAILABILITY = YES_AGGRESSIVE;
				CLANG_WARN_UNREACHABLE_CODE = YES;
				CLANG_WARN__DUPLICATE_METHOD_MATCH = YES;
				COPY_PHASE_STRIP = NO;
				DEBUG_INFORMATION_FORMAT = dwarf;
				ENABLE_STRICT_OBJC_MSGSEND = YES;
				ENABLE_TESTABILITY = YES;
				GCC_C_LANGUAGE_STANDARD = gnu11;
				GCC_DYNAMIC_NO_PIC = NO;
				GCC_NO_COMMON_BLOCKS = YES;
				GCC_OPTIMIZATION_LEVEL = 0;
				GCC_PREPROCESSOR_DEFINITIONS = (
					"$(inherited)",
					"DEBUG=1",
				);
				GCC_WARN_64_TO_32_BIT_CONVERSION = YES;
				GCC_WARN_ABOUT_RETURN_TYPE = YES_ERROR;
				GCC_WARN_UNDECLARED_SELECTOR = YES;
				GCC_WARN_UNINITIALIZED_AUTOS = YES_AGGRESSIVE;
				GCC_WARN_UNUSED_FUNCTION = YES;
				GCC_WARN_UNUSED_VARIABLE = YES;
				IPHONEOS_DEPLOYMENT_TARGET = 17.0;
				MTL_ENABLE_DEBUG_INFO = INCLUDE_SOURCE;
				MTL_FAST_MATH = YES;
				ONLY_ACTIVE_ARCH = YES;
				PRODUCT_NAME = "$(TARGET_NAME)";
				SDKROOT = iphoneos;
				SWIFT_ACTIVE_COMPILATION_CONDITIONS = DEBUG;
				SWIFT_OPTIMIZATION_LEVEL = "-Onone";
				SWIFT_VERSION = 5.0;
			};
			name = Debug;
		};
		D5DE95BD52EDFBF3BC8EA4F9 /* Release */ = {
			isa = XCBuildConfiguration;
			buildSettings = {
				ASSETCATALOG_COMPILER_APPICON_NAME = AppIcon;
				CODE_SIGNING_ALLOWED = NO;
				CODE_SIGN_IDENTITY = "iPhone Developer";
				CURRENT_PROJECT_VERSION = 1;
				INFOPLIST_FILE = App/Info.plist;
				LD_RUNPATH_SEARCH_PATHS = (
					"$(inherited)",
					"@executable_path/Frameworks",
				);
				MARKETING_VERSION = 0.1;
				PRODUCT_BUNDLE_IDENTIFIER = com.nixsocket.geethub;
				SDKROOT = iphoneos;
				SWIFT_VERSION = 6.0;
				TARGETED_DEVICE_FAMILY = "1,2";
			};
			name = Release;
		};
/* End XCBuildConfiguration section */

/* Begin XCConfigurationList section */
		CD979889F0D2B5A1293B4286 /* Build configuration list for PBXProject "GeetHub" */ = {
			isa = XCConfigurationList;
			buildConfigurations = (
				885E18141362732B44B6D762 /* Debug */,
				44F555880C6626D7FE69239F /* Release */,
			);
			defaultConfigurationIsVisible = 0;
			defaultConfigurationName = Debug;
		};
		FC0577A58459DBF34BB0150D /* Build configuration list for PBXNativeTarget "GeetHub" */ = {
			isa = XCConfigurationList;
			buildConfigurations = (
				7940708196A97B4495ADB520 /* Debug */,
				D5DE95BD52EDFBF3BC8EA4F9 /* Release */,
			);
			defaultConfigurationIsVisible = 0;
			defaultConfigurationName = Debug;
		};
/* End XCConfigurationList section */

/* Begin XCLocalSwiftPackageReference section */
		2A1C7A923A8A736992D43EC2 /* XCLocalSwiftPackageReference "GeetHubKit" */ = {
			isa = XCLocalSwiftPackageReference;
			relativePath = GeetHubKit;
		};
/* End XCLocalSwiftPackageReference section */

/* Begin XCSwiftPackageProductDependency section */
		B29BCD66DF2AD5E2AEFCC065 /* GeetHubKit */ = {
			isa = XCSwiftPackageProductDependency;
			productName = GeetHubKit;
		};
/* End XCSwiftPackageProductDependency section */
	};
	rootObject = 983CD51318AC035C627CF43A /* Project object */;
}
